
Microsoft Visual Studio Solution File, Format Version 12.00
# Visual Studio Version 16
VisualStudioVersion = 16.0.28922.388
MinimumVisualStudioVersion = 10.0.40219.1
Project("{9A19103F-16F7-4668-BE54-9A1E7A4F7556}") = "AbstractFactoryPattern", "AbstractFactoryPattern\AbstractFactoryPattern.csproj", "{46AB7D01-F88D-40E8-855D-F17D01CC1A24}"
EndProject
Project("{9A19103F-16F7-4668-BE54-9A1E7A4F7556}") = "BridgePattern", "BridgePattern\BridgePattern.csproj", "{3686F9A0-0532-4018-87F4-1AC178766BDD}"
EndProject
Project("{9A19103F-16F7-4668-BE54-9A1E7A4F7556}") = "BuilderPattern", "BuilderPattern\BuilderPattern.csproj", "{74DAA347-3CCD-4C3C-8E32-D3E200E1F784}"
EndProject
Project("{FAE04EC0-301F-11D3-BF4B-00C04F79EFBC}") = "DecoratorPattern", "DecoratorPattern\DecoratorPattern.csproj", "{4B86C0AC-875F-427C-B909-A2A4E88CF3C8}"
EndProject
Global
	GlobalSection(SolutionConfigurationPlatforms) = preSolution
		Debug|Any CPU = Debug|Any CPU
		Release|Any CPU = Release|Any CPU
	EndGlobalSection
	GlobalSection(ProjectConfigurationPlatforms) = postSolution
		{46AB7D01-F88D-40E8-855D-F17D01CC1A24}.Debug|Any CPU.ActiveCfg = Debug|Any CPU
		{46AB7D01-F88D-40E8-855D-F17D01CC1A24}.Debug|Any CPU.Build.0 = Debug|Any CPU
		{46AB7D01-F88D-40E8-855D-F17D01CC1A24}.Release|Any CPU.ActiveCfg = Release|Any CPU
		{46AB7D01-F88D-40E8-855D-F17D01CC1A24}.Release|Any CPU.Build.0 = Release|Any CPU
		{3686F9A0-0532-4018-87F4-1AC178766BDD}.Debug|Any CPU.ActiveCfg = Debug|Any CPU
		{3686F9A0-0532-4018-87F4-1AC178766BDD}.Debug|Any CPU.Build.0 = Debug|Any CPU
		{3686F9A0-0532-4018-87F4-1AC178766BDD}.Release|Any CPU.ActiveCfg = Release|Any CPU
		{3686F9A0-0532-4018-87F4-1AC178766BDD}.Release|Any CPU.Build.0 = Release|Any CPU
		{74DAA347-3CCD-4C3C-8E32-D3E200E1F784}.Debug|Any CPU.ActiveCfg = Debug|Any CPU
		{74DAA347-3CCD-4C3C-8E32-D3E200E1F784}.Debug|Any CPU.Build.0 = Debug|Any CPU
		{74DAA347-3CCD-4C3C-8E32-D3E200E1F784}.Release|Any CPU.ActiveCfg = Release|Any CPU
		{74DAA347-3CCD-4C3C-8E32-D3E200E1F784}.Release|Any CPU.Build.0 = Release|Any CPU
		{4B86C0AC-875F-427C-B909-A2A4E88CF3C8}.Debug|Any CPU.ActiveCfg = Debug|Any CPU
		{4B86C0AC-875F-427C-B909-A2A4E88CF3C8}.Debug|Any CPU.Build.0 = Debug|Any CPU
		{4B86C0AC-875F-427C-B909-A2A4E88CF3C8}.Release|Any CPU.ActiveCfg = Release|Any CPU
		{4B86C0AC-875F-427C-B909-A2A4E88CF3C8}.Release|Any CPU.Build.0 = Release|Any CPU
	EndGlobalSection
	GlobalSection(SolutionProperties) = preSolution
		HideSolutionNode = FALSE
	EndGlobalSection
	GlobalSection(ExtensibilityGlobals) = postSolution
		SolutionGuid = {5534FC05-1A1B-46E9-AAB4-E03AA576C134}
	EndGlobalSection
EndGlobal
